
Microsoft Visual Studio Solution File, Format Version 12.00
# Visual Studio 15
VisualStudioVersion = 15.0.28307.168
MinimumVisualStudioVersion = 10.0.40219.1
Project("{8BC9CEB8-8B4A-11D0-8D11-00A0C91BC942}") = "Sandbox", "Sandbox\Sandbox.vcxproj", "{F4C124E3-60A1-A37E-69B9-2E55D5170AE0}"
EndProject
Project("{8BC9CEB8-8B4A-11D0-8D11-00A0C91BC942}") = "OwlEngine", "OwlEngine\OwlEngine.vcxproj", "{0DC3A3D9-792D-5850-C26B-09F62E1536A5}"
EndProject
Global
	GlobalSection(SolutionConfigurationPlatforms) = preSolution
		Debug|Win32 = Debug|Win32
		Debug|x64 = Debug|x64
		Releas|Win32 = Releas|Win32
		Releas|x64 = Releas|x64
	EndGlobalSection
	GlobalSection(ProjectConfigurationPlatforms) = postSolution
		{0DC3A3D9-792D-5850-C26B-09F62E1536A5}.Debug|Win32.ActiveCfg = Debug|Win32
		{0DC3A3D9-792D-5850-C26B-09F62E1536A5}.Debug|Win32.Build.0 = Debug|Win32
		{0DC3A3D9-792D-5850-C26B-09F62E1536A5}.Debug|x64.ActiveCfg = Debug|x64
		{0DC3A3D9-792D-5850-C26B-09F62E1536A5}.Debug|x64.Build.0 = Debug|x64
		{0DC3A3D9-792D-5850-C26B-09F62E1536A5}.Releas|Win32.ActiveCfg = Releas|Win32
		{0DC3A3D9-792D-5850-C26B-09F62E1536A5}.Releas|Win32.Build.0 = Releas|Win32
		{0DC3A3D9-792D-5850-C26B-09F62E1536A5}.Releas|x64.ActiveCfg = Releas|x64
		{0DC3A3D9-792D-5850-C26B-09F62E1536A5}.Releas|x64.Build.0 = Releas|x64
		{F4C124E3-60A1-A37E-69B9-2E55D5170AE0}.Debug|Win32.ActiveCfg = Debug|Win32
		{F4C124E3-60A1-A37E-69B9-2E55D5170AE0}.Debug|Win32.Build.0 = Debug|Win32
		{F4C124E3-60A1-A37E-69B9-2E55D5170AE0}.Debug|x64.ActiveCfg = Debug|x64
		{F4C124E3-60A1-A37E-69B9-2E55D5170AE0}.Debug|x64.Build.0 = Debug|x64
		{F4C124E3-60A1-A37E-69B9-2E55D5170AE0}.Releas|Win32.ActiveCfg = Releas|Win32
		{F4C124E3-60A1-A37E-69B9-2E55D5170AE0}.Releas|Win32.Build.0 = Releas|Win32
		{F4C124E3-60A1-A37E-69B9-2E55D5170AE0}.Releas|x64.ActiveCfg = Releas|x64
		{F4C124E3-60A1-A37E-69B9-2E55D5170AE0}.Releas|x64.Build.0 = Releas|x64
	EndGlobalSection
	GlobalSection(SolutionProperties) = preSolution
		HideSolutionNode = FALSE
	EndGlobalSection
	GlobalSection(ExtensibilityGlobals) = postSolution
		SolutionGuid = {415406D7-7B06-471B-B06C-FDDC89C0427D}
	EndGlobalSection
EndGlobal
