<?xml version="1.0" encoding="utf-8"?>
<Project ToolsVersion="4.0" xmlns="http://schemas.microsoft.com/developer/msbuild/2003">
  <ItemGroup>
    <Filter Include="Owl">
      <UniqueIdentifier>{B712880B-231C-887C-AC97-9E7C18A0937C}</UniqueIdentifier>
    </Filter>
  </ItemGroup>
  <ItemGroup>
    <ClInclude Include="src\Owl.h" />
    <ClInclude Include="src\Owl\Application.h">
      <Filter>Owl</Filter>
    </ClInclude>
    <ClInclude Include="src\Owl\Core.h">
      <Filter>Owl</Filter>
    </ClInclude>
    <ClInclude Include="src\Owl\EntryPoint.h">
      <Filter>Owl</Filter>
    </ClInclude>
    <ClInclude Include="src\Owl\Log.h">
      <Filter>Owl</Filter>
    </ClInclude>
    <ClInclude Include="src\oepch.h" />
    <ClInclude Include="src\Owl\Video.h" />
    <ClInclude Include="src\Owl\Input.h" />
    <ClInclude Include="src\Owl\Shader.h" />
    <ClInclude Include="src\Owl\Mesh.h" />
    <ClInclude Include="src\Owl\Transform.h" />
    <ClInclude Include="src\Camera.h" />
  </ItemGroup>
  <ItemGroup>
    <ClCompile Include="src\Owl\Application.cpp">
      <Filter>Owl</Filter>
    </ClCompile>
    <ClCompile Include="src\Owl\Log.cpp">
      <Filter>Owl</Filter>
    </ClCompile>
    <ClCompile Include="src\oepch.cpp" />
    <ClCompile Include="src\Owl\Video.cpp" />
    <ClCompile Include="src\Owl\Input.cpp" />
    <ClCompile Include="src\Owl\Shader.cpp" />
    <ClCompile Include="src\Owl\Mesh.cpp" />
    <ClCompile Include="src\Owl\Transform.cpp" />
    <ClCompile Include="src\Camera.cpp" />
  </ItemGroup>
</Project>